{
  "version": "3",
  "redirects": {
    "https://deno.land/x/hono_sessions/mod.ts": "https://deno.land/x/hono_sessions@v0.3.4/mod.ts",
    "https://deno.land/x/hono_sessions/src/store/deno/DenoKvStore.ts": "https://deno.land/x/hono_sessions@v0.3.4/src/store/deno/DenoKvStore.ts",
    "https://deno.land/x/simplewebauthn/deno/server.ts": "https://deno.land/x/simplewebauthn@v9.0.3/deno/server.ts"
  },
  "remote": {
    "https://deno.land/std@0.150.0/media_types/_util.ts": "ce9b4fc4ba1c447dafab619055e20fd88236ca6bdd7834a21f98bd193c3fbfa1",
    "https://deno.land/std@0.150.0/media_types/mod.ts": "2d4b6f32a087029272dc59e0a55ae3cc4d1b27b794ccf528e94b1925795b3118",
    "https://deno.land/std@0.150.0/media_types/vendor/mime-db.v1.52.0.ts": "724cee25fa40f1a52d3937d6b4fbbfdd7791ff55e1b7ac08d9319d5632c7f5af",
    "https://deno.land/std@0.220.1/encoding/_util.ts": "beacef316c1255da9bc8e95afb1fa56ed69baef919c88dc06ae6cb7a6103d376",
    "https://deno.land/std@0.220.1/encoding/base64.ts": "8ccae67a1227b875340a8582ff707f37b131df435b07080d3bb58e07f5f97807",
    "https://deno.land/std@0.220.1/encoding/base64url.ts": "9cc46cf510436be63ac00ebf97a7de1993e603ca58e1853b344bf90d80ea9945",
    "https://deno.land/x/b64@1.1.27/src/base64.js": "9e10b98e4203d030bc913913a2e4683b4842aff337bc9ec2643a28dfe04b5fc4",
    "https://deno.land/x/hono@v3.12.8/client/client.ts": "9b3bddfd400d069d58320c3f475447d5e61f2c343adad402d5d36fa17f00b481",
    "https://deno.land/x/hono@v3.12.8/client/index.ts": "30def535310a37bede261f1b23d11a9758983b8e9d60a6c56309cee5f6746ab2",
    "https://deno.land/x/hono@v3.12.8/client/types.ts": "f274cd0930b73a05a2aee9e38d6dfdaf9ee89ae8589d4df7beee89e642dd5944",
    "https://deno.land/x/hono@v3.12.8/client/utils.ts": "053273c002963b549d38268a1b423ac8ca211a8028bdab1ed0b781a62aa5e661",
    "https://deno.land/x/hono@v3.12.8/compose.ts": "37d6e33b7db80e4c43a0629b12fd3a1e3406e7d9e62a4bfad4b30426ea7ae4f1",
    "https://deno.land/x/hono@v3.12.8/context.ts": "bb3309ea57fa617714a16a99ab4da02ee4e36419770da6cb0f581fbbef9f541d",
    "https://deno.land/x/hono@v3.12.8/helper/adapter/index.ts": "eea9b4caedbfa3a3b4a020bf46c88c0171a00008cd6c10708cd85a3e39d86e62",
    "https://deno.land/x/hono@v3.12.8/helper/cookie/index.ts": "a05ce7e3bafe1f8c7f45d04abf79822716011be75904fe1aad2e99126fd985b9",
    "https://deno.land/x/hono@v3.12.8/helper/html/index.ts": "701ed12b808e8c253247edc02c2c4b32261ae899e9c98f1427f7f6eaa8b7d1ce",
    "https://deno.land/x/hono@v3.12.8/hono-base.ts": "9a0d2afd56c48eccf93cbe6fd6bb72b26ce4281f279a98f6fd76010dcd4001bf",
    "https://deno.land/x/hono@v3.12.8/hono.ts": "2cc4c292e541463a4d6f83edbcea58048d203e9564ae62ec430a3d466b49a865",
    "https://deno.land/x/hono@v3.12.8/http-exception.ts": "6071df078b5f76d279684d52fe82a590f447a64ffe1b75eb5064d0c8a8d2d676",
    "https://deno.land/x/hono@v3.12.8/mod.ts": "90114a97be9111b348129ad0143e764a64921f60dd03b8f3da529db98a0d3a82",
    "https://deno.land/x/hono@v3.12.8/request.ts": "5c2ab4b9961615afdc87e950ce16cc57e98f7849da56ea5fc1a828ef0dbb4aaf",
    "https://deno.land/x/hono@v3.12.8/router.ts": "880316f561918fc197481755aac2165fdbe2f530b925c5357a9f98d6e2cc85c7",
    "https://deno.land/x/hono@v3.12.8/router/linear-router/index.ts": "8a2a7144c50b1f4a92d9ee99c2c396716af144c868e10608255f969695efccd0",
    "https://deno.land/x/hono@v3.12.8/router/linear-router/router.ts": "1366b3fada26e33c96b0f228aa7962b9c9801c4f484b3991b256aed2c005c668",
    "https://deno.land/x/hono@v3.12.8/router/pattern-router/index.ts": "304a66c50e243872037ed41c7dd79ed0c89d815e17e172e7ad7cdc4bc07d3383",
    "https://deno.land/x/hono@v3.12.8/router/pattern-router/router.ts": "a9a5a2a182cce8c3ae82139892cc0502be7dd8f579f31e76d0302b19b338e548",
    "https://deno.land/x/hono@v3.12.8/router/reg-exp-router/index.ts": "52755829213941756159b7a963097bafde5cc4fc22b13b1c7c9184dc0512d1db",
    "https://deno.land/x/hono@v3.12.8/router/reg-exp-router/node.ts": "5b3fb80411db04c65df066e69fedb2c8c0844753c2633d703336de84d569252c",
    "https://deno.land/x/hono@v3.12.8/router/reg-exp-router/router.ts": "c89a37b14c64518256d2fc216d9db7645e658235648762c3ad6e3fc6872a941c",
    "https://deno.land/x/hono@v3.12.8/router/reg-exp-router/trie.ts": "852ce7207e6701e47fa30889a0d2b8bfcd56d8862c97e7bc9831e0a64bd8835f",
    "https://deno.land/x/hono@v3.12.8/router/smart-router/index.ts": "74f9b4fe15ea535900f2b9b048581915f12fe94e531dd2b0032f5610e61c3bef",
    "https://deno.land/x/hono@v3.12.8/router/smart-router/router.ts": "f1848a2a1eefa316a11853ae12e749552747771fb8a11fe713ae04ea6461140b",
    "https://deno.land/x/hono@v3.12.8/router/trie-router/index.ts": "3eb75e7f71ba81801631b30de6b1f5cefb2c7239c03797e2b2cbab5085911b41",
    "https://deno.land/x/hono@v3.12.8/router/trie-router/node.ts": "326830a78f3ba3f8a7171041c71d541b10fba2fb398067b09bcd35251bb9679f",
    "https://deno.land/x/hono@v3.12.8/router/trie-router/router.ts": "54ced78d35676302c8fcdda4204f7bdf5a7cc907fbf9967c75674b1e394f830d",
    "https://deno.land/x/hono@v3.12.8/types.ts": "4c1fae2834f7a3796f5363353c9a16f5d977384a0c2499b192c3116eb0cd8678",
    "https://deno.land/x/hono@v3.12.8/utils/body.ts": "fe92c854fa0d1b36d1de3351a0041d06bd56c24a18778ae94511ccd9f806c0a2",
    "https://deno.land/x/hono@v3.12.8/utils/buffer.ts": "9066a973e64498cb262c7e932f47eed525a51677b17f90893862b7279dc0773e",
    "https://deno.land/x/hono@v3.12.8/utils/cookie.ts": "19920ba6756944aae1ad8585c3ddeaa9df479733f59d05359db096f7361e5e4b",
    "https://deno.land/x/hono@v3.12.8/utils/crypto.ts": "bda0e141bbe46d3a4a20f8fbcb6380d473b617123d9fdfa93e4499410b537acc",
    "https://deno.land/x/hono@v3.12.8/utils/html.ts": "e800e72e2940104e963707edb41a438937693dda8d21bd37a57620e35d36c647",
    "https://deno.land/x/hono@v3.12.8/utils/http-status.ts": "e0c4343ea7717c314dc600131e16b636c29d61cfdaf9df93b267258d1729d1a0",
    "https://deno.land/x/hono@v3.12.8/utils/stream.ts": "fe5f539a79c476e6af39e2549fa06054ad3c7ff3cbfa2c4c752e879cdd3365d5",
    "https://deno.land/x/hono@v3.12.8/utils/types.ts": "dcbd0047473e87506ae529cdb4a447971159ba11d1d5a14ca6c35af837012a3a",
    "https://deno.land/x/hono@v3.12.8/utils/url.ts": "71475d787e9919443837e0674bc623c2a683d0a7fc41fc1938ff47e1aa775de4",
    "https://deno.land/x/hono@v3.12.8/validator/index.ts": "6c986e8b91dcf857ecc8164a506ae8eea8665792a4ff7215471df669c632ae7c",
    "https://deno.land/x/hono@v3.12.8/validator/validator.ts": "97fead75b1e3e460d0895d68eab2be6d774f6d1428e2efb8b4df8ba8bb422c3e",
    "https://deno.land/x/hono@v4.1.2/adapter/deno/serve-static.ts": "62b57d461ecebbc7b98809c4fc2a8358f0828d6e89cdc6841054e5bb3828fc80",
    "https://deno.land/x/hono@v4.1.2/adapter/deno/ssg.ts": "49d73dd0d351fc52a54bfc8094096aff957f5a955a3eb976844ed8d88903bc0f",
    "https://deno.land/x/hono@v4.1.2/adapter/deno/websocket.ts": "032bd72f32103ff948e7ad5945ccb6a32e1ccd507ad222758e72a7b3a7828fb5",
    "https://deno.land/x/hono@v4.1.2/client/client.ts": "b9d07d47a7b23f007fb2ea29a3185885e85a963a63b0f921f93ae2981ee29cda",
    "https://deno.land/x/hono@v4.1.2/client/index.ts": "30def535310a37bede261f1b23d11a9758983b8e9d60a6c56309cee5f6746ab2",
    "https://deno.land/x/hono@v4.1.2/client/types.ts": "0c131d0bcc205c18e6c2e858be1bf3886907594c69563f4ab3264bbe81f5ecd0",
    "https://deno.land/x/hono@v4.1.2/client/utils.ts": "a93e5dc542dceb892a6b39cc793689478627ba958d251794193cf26c0ecf5800",
    "https://deno.land/x/hono@v4.1.2/compose.ts": "37d6e33b7db80e4c43a0629b12fd3a1e3406e7d9e62a4bfad4b30426ea7ae4f1",
    "https://deno.land/x/hono@v4.1.2/context.ts": "3d8c8a1aaea396fe22e2db822e1a270482c7f4b3b273f8f05ae3b240408bc7b2",
    "https://deno.land/x/hono@v4.1.2/helper.ts": "f4a3e4ee8df32d4a6567b57bcaf30a6c3031cdca53b62257957ce814bc064959",
    "https://deno.land/x/hono@v4.1.2/helper/accepts/accepts.ts": "46330f2ff384b266ab2227f7943366c09d752c9b58e2908e7b7726548e8954d3",
    "https://deno.land/x/hono@v4.1.2/helper/accepts/index.ts": "88a18cb5f7b15ec2bd515b6fbf5a2a8b5f77d1edbd6f7e1632afe5d755b2cf50",
    "https://deno.land/x/hono@v4.1.2/helper/adapter/index.ts": "5a4ca736487a2a8303bdac9fff710eae38e6f39ed70eb171eed78e5f64da84df",
    "https://deno.land/x/hono@v4.1.2/helper/cookie/index.ts": "80b98f8a014e8b03a9130cce9fb03f6175f82a64367e954d120634f8543556e2",
    "https://deno.land/x/hono@v4.1.2/helper/css/common.ts": "596f3e777c11a73be52585c2140e80f8ad87f1ef3c483514480e11fb7394e986",
    "https://deno.land/x/hono@v4.1.2/helper/css/index.ts": "f91b6c473f033c420077554bcc8c11635194e3ee49c974c22bbacf2b3449b63c",
    "https://deno.land/x/hono@v4.1.2/helper/dev/index.ts": "86b2e7a3f8e60138c4280027b7267db41d53fac138cfa5fb4ce6b42045d50bb3",
    "https://deno.land/x/hono@v4.1.2/helper/factory/index.ts": "da87032bd93785827448e5d1369c90f6d453cdd12ded597d4ca4051e3309e468",
    "https://deno.land/x/hono@v4.1.2/helper/html/index.ts": "48a0ddc576c10452db6c3cab03dd4ee6986ab61ebdc667335b40a81fa0487f69",
    "https://deno.land/x/hono@v4.1.2/helper/ssg/index.ts": "32994fd843088ddc5d9adb0d43469371fa974fda08be76d263e53605ebfdadb3",
    "https://deno.land/x/hono@v4.1.2/helper/ssg/middleware.ts": "5728a41811294b23563d551e67156cd32da461645f410db23be275c17d7d5b76",
    "https://deno.land/x/hono@v4.1.2/helper/ssg/ssg.ts": "2482c5a85daa984c6cef69d3354c9e679b0b48d3533bbce778a878855ea29c4b",
    "https://deno.land/x/hono@v4.1.2/helper/ssg/utils.ts": "90ff5f2f9a57e7cf2f76362ce0b2179677f46390ddf0cce0f5c2023db179d847",
    "https://deno.land/x/hono@v4.1.2/helper/streaming/index.ts": "e4955c04cb5fe4d65abec256ff3f598c87958a1cfd9eece1d6de1b56d16c7723",
    "https://deno.land/x/hono@v4.1.2/helper/streaming/sse.ts": "a88ae4615aace14fea1244538ab80dd591d1d05fb0f4cf57383150af4317d115",
    "https://deno.land/x/hono@v4.1.2/helper/streaming/stream.ts": "a0eeb52395313ecb293edd1294dc21538b024ce1acc4745671f9f1548825cba2",
    "https://deno.land/x/hono@v4.1.2/helper/streaming/text.ts": "bd8d1973feeabca63016cf638309aaeb829a914bf139a26120ca5c85e2b4ce96",
    "https://deno.land/x/hono@v4.1.2/helper/testing/index.ts": "bc49c049aa0d6426417e3d1a2f52a471a09edb1fb8610b7545eae1968e7d7874",
    "https://deno.land/x/hono@v4.1.2/helper/websocket/index.ts": "d72e052f0b6bfd98c26c4348ad499b493b2baf24bfdaae81b399453dcdad1483",
    "https://deno.land/x/hono@v4.1.2/hono-base.ts": "d3323a4668796cd56b9061ad34f2fa12a3c52178890cfffe27bd077e263c0ab7",
    "https://deno.land/x/hono@v4.1.2/hono.ts": "23edd0140bf0bd5a68c14ae96e5856a5cec6b844277e853b91025e91ea74f416",
    "https://deno.land/x/hono@v4.1.2/http-exception.ts": "cd387c6f7357db375ac3375f0346c6da80b46193b661881f660d6b15293fc086",
    "https://deno.land/x/hono@v4.1.2/jsx/base.ts": "a744e48717677dfe665163ba95b71a7d0d96fbd569ea447aa0bc4195e1aa91fd",
    "https://deno.land/x/hono@v4.1.2/jsx/components.ts": "77f1143ca5f1c8af52f7c6724b10f863e8d6a0815b57914837a3506de3fb2fdf",
    "https://deno.land/x/hono@v4.1.2/jsx/constants.ts": "03dbf805f4d07e3b34ab05ac84f3c0cb4fbafb2096fba7789a5f6226ca6f21ad",
    "https://deno.land/x/hono@v4.1.2/jsx/context.ts": "2b7a86e6b35da171fab27aa05f09748bb3eba64b26c037ea1da655c07e8f6bc1",
    "https://deno.land/x/hono@v4.1.2/jsx/dom/components.ts": "733da654edb3d4c178a4479649fac2c64e79069e37e848add0c3a49f90e7f2d7",
    "https://deno.land/x/hono@v4.1.2/jsx/dom/context.ts": "39cd1108f0933934075fd88ef98139b0f29cce35b5d30d5fed2231daaa19c208",
    "https://deno.land/x/hono@v4.1.2/jsx/dom/css.ts": "476699080c11fa16230e3fd59b6faf551e5d771c2998b4bf03368b3bc1f5a0e0",
    "https://deno.land/x/hono@v4.1.2/jsx/dom/jsx-dev-runtime.ts": "266a61edb91f596f8581218c2afb253449fa700e069298b5a3e96ee064a57183",
    "https://deno.land/x/hono@v4.1.2/jsx/dom/jsx-runtime.ts": "6a50a65306771a9000030f494d92a5fdeeb055112e0126234b2fd9179de1d4f5",
    "https://deno.land/x/hono@v4.1.2/jsx/dom/render.ts": "ca76952d936e4994c08a8eef291a353ea39815f42b547f1b3cb143559b3227ca",
    "https://deno.land/x/hono@v4.1.2/jsx/hooks/index.ts": "29b8aba255cc116a6153beaea0643431904088e1c5e815745ef9db18961a53c2",
    "https://deno.land/x/hono@v4.1.2/jsx/index.ts": "e940d1ce5e3e5bbe9852c3d704a6ba3cabaefd21cf013fd5f5b921696f5afd7e",
    "https://deno.land/x/hono@v4.1.2/jsx/intrinsic-elements.ts": "21c3a8f6ba07f0d7d7c0ec7293c79c26b9b62df2894e26cb6c17b6c7ec381264",
    "https://deno.land/x/hono@v4.1.2/jsx/streaming.ts": "0900f78cdd16529610de69329727e93d1bf60194b17595614db5fb4156cf8872",
    "https://deno.land/x/hono@v4.1.2/jsx/types.ts": "880971bd1e0704a6fba6b786ca596cbe23fc06e36c506f42ea17f84f9879f278",
    "https://deno.land/x/hono@v4.1.2/jsx/utils.ts": "7b9d84ce478c66a5f4709dc3a873ac7104ba3427597683221827abec2761da0e",
    "https://deno.land/x/hono@v4.1.2/middleware.ts": "61d9069cf53fe3ecdd38217275bd9088e25c7698cefd4c930918d717c8a4a58e",
    "https://deno.land/x/hono@v4.1.2/middleware/basic-auth/index.ts": "cb9c6397f291612e2fa2f678e1cd85d427cf4395838d558a9fa2c99727f20fb0",
    "https://deno.land/x/hono@v4.1.2/middleware/bearer-auth/index.ts": "1bfe631db1661cd342a2220614af5e21455ebea11b8c3ed5f6df7ef8d02b9a54",
    "https://deno.land/x/hono@v4.1.2/middleware/body-limit/index.ts": "3fefeaf7e6e576aa1b33f2694072d2eaab692842acd29cb360d98e20eebfe5aa",
    "https://deno.land/x/hono@v4.1.2/middleware/cache/index.ts": "1294ca78a78d0ec279b8b8728837120458eeb429d774715777a412f190950312",
    "https://deno.land/x/hono@v4.1.2/middleware/compress/index.ts": "98c403a5fe7e9c5f5d776350b422b0a125fb34696851b8b14f825b9b7b06f2ac",
    "https://deno.land/x/hono@v4.1.2/middleware/cors/index.ts": "69e208e2bfd6345f14892e59ea817818373b3ebd74163177d687cd47ddbe1f6c",
    "https://deno.land/x/hono@v4.1.2/middleware/csrf/index.ts": "077bb0ce299d79d0d232cb9e462aaa4eaa901164f1310f74a7630f7e6cfe74e8",
    "https://deno.land/x/hono@v4.1.2/middleware/etag/index.ts": "3392aabea4d02dfec51455c5919bff9aad76538b9fde375dd542fbc3f389dd3a",
    "https://deno.land/x/hono@v4.1.2/middleware/jsx-renderer/index.ts": "98ed5803c3bdfded84040d859190a8cf850fc5b9b7fc9016ed1ee55992afca63",
    "https://deno.land/x/hono@v4.1.2/middleware/jwt/index.ts": "d5bbd0568ca703d53c9e005c33f322ea2eb54e3bb9e0e3cf0d6b2322be80a197",
    "https://deno.land/x/hono@v4.1.2/middleware/logger/index.ts": "52a2e968890ada2c11ce89a7a783692c5767b8ed7fb23ccf6b559d255d13ccbc",
    "https://deno.land/x/hono@v4.1.2/middleware/powered-by/index.ts": "6faba0cf042278d60b317b690640bb0b58747690cf280fa09024424c5174e66d",
    "https://deno.land/x/hono@v4.1.2/middleware/pretty-json/index.ts": "2216ce4c9910be009fecac63367c3626b46137d4cf7cb9a82913e501104b4a88",
    "https://deno.land/x/hono@v4.1.2/middleware/secure-headers/index.ts": "24cf3544002e882972842800bce223738b32c9c84bef7f74892e994819765f84",
    "https://deno.land/x/hono@v4.1.2/middleware/serve-static/index.ts": "8a6e0e82ee7459e518ce8dc3d91e7872b272ffdf9a26dbcee3ff17f2157be088",
    "https://deno.land/x/hono@v4.1.2/middleware/timing/index.ts": "241702aa10ab66cc832e8b556c57c236f3bf338a8817d802cb142eae0f852582",
    "https://deno.land/x/hono@v4.1.2/mod.ts": "35fd2a2e14b52365e0ad66f168b067363fd0a60d75cbcb1b01685b04de97d60e",
    "https://deno.land/x/hono@v4.1.2/request.ts": "9c8061eaf4373aa122a77d1aa8e888397425bc5d78bc17c87a2c861375c4f0b3",
    "https://deno.land/x/hono@v4.1.2/router.ts": "880316f561918fc197481755aac2165fdbe2f530b925c5357a9f98d6e2cc85c7",
    "https://deno.land/x/hono@v4.1.2/router/linear-router/index.ts": "8a2a7144c50b1f4a92d9ee99c2c396716af144c868e10608255f969695efccd0",
    "https://deno.land/x/hono@v4.1.2/router/linear-router/router.ts": "928d29894e4b45b047a4f453c7f1745c8b1869cd68447e1cb710c7bbf99a4e29",
    "https://deno.land/x/hono@v4.1.2/router/pattern-router/index.ts": "304a66c50e243872037ed41c7dd79ed0c89d815e17e172e7ad7cdc4bc07d3383",
    "https://deno.land/x/hono@v4.1.2/router/pattern-router/router.ts": "1b5f68e6af942579d3a40ee834294fea3d1f05fd5f70514e46ae301dd0107e46",
    "https://deno.land/x/hono@v4.1.2/router/reg-exp-router/index.ts": "52755829213941756159b7a963097bafde5cc4fc22b13b1c7c9184dc0512d1db",
    "https://deno.land/x/hono@v4.1.2/router/reg-exp-router/node.ts": "7efaa6f4301efc2aad0519c84973061be8555da02e5868409293a1fd98536aaf",
    "https://deno.land/x/hono@v4.1.2/router/reg-exp-router/router.ts": "ebf65d7cabd44e545398f59053181b3daa5682418a1f74e04ccfaed11d738b53",
    "https://deno.land/x/hono@v4.1.2/router/reg-exp-router/trie.ts": "852ce7207e6701e47fa30889a0d2b8bfcd56d8862c97e7bc9831e0a64bd8835f",
    "https://deno.land/x/hono@v4.1.2/router/smart-router/index.ts": "74f9b4fe15ea535900f2b9b048581915f12fe94e531dd2b0032f5610e61c3bef",
    "https://deno.land/x/hono@v4.1.2/router/smart-router/router.ts": "f1848a2a1eefa316a11853ae12e749552747771fb8a11fe713ae04ea6461140b",
    "https://deno.land/x/hono@v4.1.2/router/trie-router/index.ts": "3eb75e7f71ba81801631b30de6b1f5cefb2c7239c03797e2b2cbab5085911b41",
    "https://deno.land/x/hono@v4.1.2/router/trie-router/node.ts": "5786ed7b85bb55411ede249a381412d39406497285ce23c1eafd50551dcdc632",
    "https://deno.land/x/hono@v4.1.2/router/trie-router/router.ts": "54ced78d35676302c8fcdda4204f7bdf5a7cc907fbf9967c75674b1e394f830d",
    "https://deno.land/x/hono@v4.1.2/types.ts": "c08fe4c475f8ee84b89a2325c128bb34a44d26a8a834e8e9ee32d3381c81d43c",
    "https://deno.land/x/hono@v4.1.2/utils/body.ts": "1c7013f83bbef8216b3d862111efd5a183eaa29e86decf9a7eec6cdf25757e93",
    "https://deno.land/x/hono@v4.1.2/utils/buffer.ts": "9066a973e64498cb262c7e932f47eed525a51677b17f90893862b7279dc0773e",
    "https://deno.land/x/hono@v4.1.2/utils/color.ts": "23f8494d4cace2a74d4baf8216c69328ef7e5ed6ca8a402ba92f50144763d927",
    "https://deno.land/x/hono@v4.1.2/utils/concurrent.ts": "789e3d0ee1b106007d0817f668c9f16da1618ef1029773afa0c1a885a5ec4eae",
    "https://deno.land/x/hono@v4.1.2/utils/cookie.ts": "6eaaf6909a4ae11f6c82404e9398e1c247e3f1854d73994a9e2e6fc3cdf7b584",
    "https://deno.land/x/hono@v4.1.2/utils/crypto.ts": "bda0e141bbe46d3a4a20f8fbcb6380d473b617123d9fdfa93e4499410b537acc",
    "https://deno.land/x/hono@v4.1.2/utils/encode.ts": "311dfdfae7eb0b6345e9680f7ebbb3a692e872ed964e2029aca38567af8d1f33",
    "https://deno.land/x/hono@v4.1.2/utils/filepath.ts": "a83e5fe87396bb291a6c5c28e13356fcbea0b5547bad2c3ba9660100ff964000",
    "https://deno.land/x/hono@v4.1.2/utils/handler.ts": "2940f60d3fdae3df1ebde7f88c0f703c64bb1311c2c0a60f97e80a57b5690393",
    "https://deno.land/x/hono@v4.1.2/utils/html.ts": "6ea4f6bf41587a51607dff7a6d2865ef4d5001e4203b07e5c8a45b63a098e871",
    "https://deno.land/x/hono@v4.1.2/utils/http-status.ts": "f5b820f2793e45209f34deddf147b23e3133a89eb4c57dc643759a504706636b",
    "https://deno.land/x/hono@v4.1.2/utils/jwt/index.ts": "5e4b82a42eb3603351dfce726cd781ca41cb57437395409d227131aec348d2d5",
    "https://deno.land/x/hono@v4.1.2/utils/jwt/jwt.ts": "02ff7bbf1298ffcc7a40266842f8eac44b6c136453e32d4441e24d0cbfba3a95",
    "https://deno.land/x/hono@v4.1.2/utils/jwt/types.ts": "1dd79fce49dcaf54511d9bca88f5ae508cef577225aa581c811b248dc9c7a121",
    "https://deno.land/x/hono@v4.1.2/utils/mime.ts": "1e5db0919d2127995ec466dfd1ee637c3d63084f516ccbd3c6906ccf0d3f3c46",
    "https://deno.land/x/hono@v4.1.2/utils/stream.ts": "491bebbc8cff49eddef05bca2e2d7b7c6d31c8444fdef60ae8a0373df293e6ae",
    "https://deno.land/x/hono@v4.1.2/utils/types.ts": "47426b7de99a75aa39305a21868c8d8e8d1316d24136a2d35fdf24e15f72970c",
    "https://deno.land/x/hono@v4.1.2/utils/url.ts": "855169632c61d03703bd08cafb27664ba3fdb352892f01687d5cce8fd49e3cb1",
    "https://deno.land/x/hono@v4.1.2/validator/index.ts": "6c986e8b91dcf857ecc8164a506ae8eea8665792a4ff7215471df669c632ae7c",
    "https://deno.land/x/hono@v4.1.2/validator/validator.ts": "d80db93f84bce6406feac5d157cb97ee69242498d0dbec4568cb5df1a844bf0f",
    "https://deno.land/x/hono_sessions@v0.3.4/deps.ts": "cd963700ad8668e3042ef0933896f636d83ca4e2bb37bcbadce731320ff2a7a4",
    "https://deno.land/x/hono_sessions@v0.3.4/mod.ts": "67e89aebb3c0e87e7e6065aefb56606d2f1017dd8ed030ef742f5bb73398abda",
    "https://deno.land/x/hono_sessions@v0.3.4/src/Crypto.ts": "6c8b8d855607ddfe7d1106fdb8435a92e529438113295bd210dee07961dd402a",
    "https://deno.land/x/hono_sessions@v0.3.4/src/Middleware.ts": "ae7eb9a6038e4486b5cc96feb03a57d040f1fb3ac37d313ae002a3132b843e59",
    "https://deno.land/x/hono_sessions@v0.3.4/src/Session.ts": "30374c70be518787f50678e0ad4852a77e0b1354aaff8a72f82d535d4143834e",
    "https://deno.land/x/hono_sessions@v0.3.4/src/store/CookieStore.ts": "f410a90bc5da1adc7848a6968594bef5b9e484e3900561abd94f370e5ee2cc65",
    "https://deno.land/x/hono_sessions@v0.3.4/src/store/MemoryStore.ts": "c61a7b2974da37f111163dea484dc8b82c19107a913a47b004c579d7af7b81d3",
    "https://deno.land/x/hono_sessions@v0.3.4/src/store/Store.ts": "4ff3a3e1a2cf2398d1307657e9934fa2deb39253f421ae9ba7d4d52f21611aed",
    "https://deno.land/x/hono_sessions@v0.3.4/src/store/deno/DenoKvStore.ts": "0ad61bfd434c0cc2406ebfcd5744ab51c58d74d908ee8dbfee877a93d6fc8123",
    "https://deno.land/x/simplewebauthn@v9.0.3/deno/server.ts": "d5fb66d4a73c20435f33105dad7f41a02fa156fcfde2efb4a035788cceacbcce",
    "https://deno.land/x/simplewebauthn@v9.0.3/deno/types.ts": "9d6cd7aa67dd43a7961eab85fd06fa1f24a91ef5c5ca193f38feb4dba847601e",
    "https://deno.land/x/simplewebauthn@v9.0.3/packages/server/src/authentication/generateAuthenticationOptions.ts": "725838900837deb1065163a52db5b8625675f61e610930b64d1e0448bbd7af42",
    "https://deno.land/x/simplewebauthn@v9.0.3/packages/server/src/authentication/verifyAuthenticationResponse.ts": "abc9cd788348c9868ee1650fc5cdee1335dd575f13cd8d64e1a9f48a95d93c61",
    "https://deno.land/x/simplewebauthn@v9.0.3/packages/server/src/deps.ts": "53ead13d6c360e78a854e1e9d3d5d3c1fb031a877ccf05daab19d046fb5250b5",
    "https://deno.land/x/simplewebauthn@v9.0.3/packages/server/src/helpers/convertAAGUIDToString.ts": "fe81f111f9e471c70137735136c74655cd3f43571210b9bdb37138aec525239c",
    "https://deno.land/x/simplewebauthn@v9.0.3/packages/server/src/helpers/convertCOSEtoPKCS.ts": "5f5bb74506ebf7adb1f715228ed1b80eba88e164745750815a0022f4057d826e",
    "https://deno.land/x/simplewebauthn@v9.0.3/packages/server/src/helpers/convertCertBufferToPEM.ts": "ba88dfae82dbf0b33a09253f3e36fec4ea4cac3502620a59352fa358263315be",
    "https://deno.land/x/simplewebauthn@v9.0.3/packages/server/src/helpers/convertPEMToBytes.ts": "15703899b7281329714a041c63a2b00ca3595dc9dacfcd6392feca12717cd710",
    "https://deno.land/x/simplewebauthn@v9.0.3/packages/server/src/helpers/convertX509PublicKeyToCOSE.ts": "878811cdc41e83bd8dc1c68c151c0858d68f93eb89456d89221c95b583f9c066",
    "https://deno.land/x/simplewebauthn@v9.0.3/packages/server/src/helpers/cose.ts": "ec3fd62d5037e58d57ab5594780a45d7f4eb9daf2ada0dfbd8f657b7e2b500e5",
    "https://deno.land/x/simplewebauthn@v9.0.3/packages/server/src/helpers/decodeAttestationObject.ts": "bfc47ef24cce4d52a7fcab3c329089be3f4445b79e999696e1d0cd273c45e91c",
    "https://deno.land/x/simplewebauthn@v9.0.3/packages/server/src/helpers/decodeAuthenticatorExtensions.ts": "dcebe88c914888c6bd04ad43b8a655a619d3eceba5af26d015aea634f6504367",
    "https://deno.land/x/simplewebauthn@v9.0.3/packages/server/src/helpers/decodeClientDataJSON.ts": "3269e45463d9c6a53056ce641e656ffdfe1a0947dde30239e7495a75af4ac6cc",
    "https://deno.land/x/simplewebauthn@v9.0.3/packages/server/src/helpers/decodeCredentialPublicKey.ts": "e0fb424a46b2748b42c701a6df12bcfbb9884b9dd68d40d36525f2a9f35f6de6",
    "https://deno.land/x/simplewebauthn@v9.0.3/packages/server/src/helpers/fetch.ts": "b499cef15c269b1a917e50ac6aaabcbedfb560658046c30e75606b9eee650512",
    "https://deno.land/x/simplewebauthn@v9.0.3/packages/server/src/helpers/generateChallenge.ts": "8aa11e3754386df0dc41894f6c51d22f99a84686554c63179e014082a4c4ff1d",
    "https://deno.land/x/simplewebauthn@v9.0.3/packages/server/src/helpers/getCertificateInfo.ts": "c8b15bd1286a22ef8ec5b4738ad87e5d804e9694e96998c1075230cd246424e8",
    "https://deno.land/x/simplewebauthn@v9.0.3/packages/server/src/helpers/index.ts": "95def22230dba13cc72ac92e4f6e5aa2d2bc4ec1dffcf3613182be4d031c6306",
    "https://deno.land/x/simplewebauthn@v9.0.3/packages/server/src/helpers/isCertRevoked.ts": "29c4bbb8df05fb6f8d4401fab22c8f02ec477bd4cc00146a26fbc96e3caac6f7",
    "https://deno.land/x/simplewebauthn@v9.0.3/packages/server/src/helpers/iso/index.ts": "3784b094dbe78301b04a6c1748fd96d1ad1f1e0aa5a9e305178c6dd90f42e9df",
    "https://deno.land/x/simplewebauthn@v9.0.3/packages/server/src/helpers/iso/isoBase64URL.ts": "8c8cafb9efa9d513416ce2b5714e4c9c99322db3c52dd99dec982127c7fc94b5",
    "https://deno.land/x/simplewebauthn@v9.0.3/packages/server/src/helpers/iso/isoCBOR.ts": "51c82d07befb72f147cbacbe6595133f863cecbbb46f24774ba9fe7e39939dec",
    "https://deno.land/x/simplewebauthn@v9.0.3/packages/server/src/helpers/iso/isoCrypto/digest.ts": "d0aadc03f2009e60034b8b6f101b311ee28729abbd4ac15999a5e777f325bf07",
    "https://deno.land/x/simplewebauthn@v9.0.3/packages/server/src/helpers/iso/isoCrypto/getRandomValues.ts": "e9541c19f0fb14fb02254780a53e97c991faa607d7383cafb45bb036d198986e",
    "https://deno.land/x/simplewebauthn@v9.0.3/packages/server/src/helpers/iso/isoCrypto/getWebCrypto.ts": "8d98bc296aee0f1fb3507a726949f67a098f60aee321c5075501e5572da023ca",
    "https://deno.land/x/simplewebauthn@v9.0.3/packages/server/src/helpers/iso/isoCrypto/importKey.ts": "9e8454a14a91f0c9bef68877482d644a7f6c007bee858b9c6e901e3a6aa75c42",
    "https://deno.land/x/simplewebauthn@v9.0.3/packages/server/src/helpers/iso/isoCrypto/index.ts": "b150779bfc29c6f034424f083aa6308d6f16de7bcbef89cae504d1cdd0123a11",
    "https://deno.land/x/simplewebauthn@v9.0.3/packages/server/src/helpers/iso/isoCrypto/mapCoseAlgToWebCryptoAlg.ts": "9569ac0fc263a5d817d07b7931db55561b1419ba1d621da4ac569ca4d3c4d7c0",
    "https://deno.land/x/simplewebauthn@v9.0.3/packages/server/src/helpers/iso/isoCrypto/mapCoseAlgToWebCryptoKeyAlgName.ts": "eb73953837c35ecb51b8247f07cb5916ed933afc5e5cccd5a671af00834dd3c3",
    "https://deno.land/x/simplewebauthn@v9.0.3/packages/server/src/helpers/iso/isoCrypto/structs.ts": "608d961cb8c28d28bba55012c8a94d77428a4437606bbd3980882db26ede4d22",
    "https://deno.land/x/simplewebauthn@v9.0.3/packages/server/src/helpers/iso/isoCrypto/unwrapEC2Signature.ts": "f039f482af27bb76bb4033aa07d6d11b77805c8553f9feec956073d8a6bc5534",
    "https://deno.land/x/simplewebauthn@v9.0.3/packages/server/src/helpers/iso/isoCrypto/verify.ts": "935d510566e83dbc7b61611dcfb8a73c8d5dd3fd381a9149ad04448cf456dd3b",
    "https://deno.land/x/simplewebauthn@v9.0.3/packages/server/src/helpers/iso/isoCrypto/verifyEC2.ts": "45ba1516ee8af53e97259e72fdad5cd75d330c4f79155ceb9af3a6046c39ac5d",
    "https://deno.land/x/simplewebauthn@v9.0.3/packages/server/src/helpers/iso/isoCrypto/verifyOKP.ts": "aabd359ddb7fb8c2f5126ba13b17524acb4571c34f2480d7605983d91c63fe91",
    "https://deno.land/x/simplewebauthn@v9.0.3/packages/server/src/helpers/iso/isoCrypto/verifyRSA.ts": "1107437956836e0efced72dc3d7a545e7aff0c7efb0c792cfe3995ec2da78cfd",
    "https://deno.land/x/simplewebauthn@v9.0.3/packages/server/src/helpers/iso/isoUint8Array.ts": "831458ebeeec60baced0b3fb8417f2984f87a514fae6804c9264e3bc203be6de",
    "https://deno.land/x/simplewebauthn@v9.0.3/packages/server/src/helpers/logging.ts": "0d6cc9f2e86ef8dafebb2951520c146fad9cc88163888f3e451a6febe319d7cc",
    "https://deno.land/x/simplewebauthn@v9.0.3/packages/server/src/helpers/mapX509SignatureAlgToCOSEAlg.ts": "3f3fd252841cdca24d9675b01ff7f8ddde1bddaa773d300654f29c01eb596e6b",
    "https://deno.land/x/simplewebauthn@v9.0.3/packages/server/src/helpers/matchExpectedRPID.ts": "cdf33833c239df6d1b4d798d15e9c97f668c8a4fcfc801bf382f4d7e5c1fd6c2",
    "https://deno.land/x/simplewebauthn@v9.0.3/packages/server/src/helpers/parseAuthenticatorData.ts": "5e66fd5c6808ca109d60bbc36fc4bacfa96fab39d98cff9c9af1ee3186dc1a2d",
    "https://deno.land/x/simplewebauthn@v9.0.3/packages/server/src/helpers/parseBackupFlags.ts": "9947faa40fc6804ccf591889e0256c7cee2f5684198ccf74bf9ce76bddd04cbf",
    "https://deno.land/x/simplewebauthn@v9.0.3/packages/server/src/helpers/toHash.ts": "e376dc4d5843b57dbb00ca13d0957d7c3779441753445e74dd02f78e81c73433",
    "https://deno.land/x/simplewebauthn@v9.0.3/packages/server/src/helpers/validateCertificatePath.ts": "c99e02bff67aae47ba6e4367ae9b5802651cbd96d075a191c2f25f319fa2cd7c",
    "https://deno.land/x/simplewebauthn@v9.0.3/packages/server/src/helpers/verifySignature.ts": "d7c86bbacd88d48c0a4f4c14956940121e8222cab95f058ff74602dc5e613bbf",
    "https://deno.land/x/simplewebauthn@v9.0.3/packages/server/src/index.ts": "a2f3501cc9a8a7dc375bb809b424c0f926d211ba8dde68984200f87d20d6ff9f",
    "https://deno.land/x/simplewebauthn@v9.0.3/packages/server/src/metadata/mdsTypes.ts": "2a2a69cab599cfdac61fb902991e4b71e9b5920e35bb6423ad2bafc99b599519",
    "https://deno.land/x/simplewebauthn@v9.0.3/packages/server/src/metadata/parseJWT.ts": "8b2232454095d74175e7e8ebd1471e91a70097287175b51ca45cda7c1a00a700",
    "https://deno.land/x/simplewebauthn@v9.0.3/packages/server/src/metadata/verifyAttestationWithMetadata.ts": "b67f5870a58fdf5eac1a7d19b7f766aa184afea531e661815b5db867a93c26ad",
    "https://deno.land/x/simplewebauthn@v9.0.3/packages/server/src/metadata/verifyJWT.ts": "9e8e9109423f57b78668a4cc0240eb704d25719884d8aabfec517ce1e9497507",
    "https://deno.land/x/simplewebauthn@v9.0.3/packages/server/src/registration/generateRegistrationOptions.ts": "9c260071cc41987775d410b96bc9ebcceec5f95ff25477dcfae93592c261d3af",
    "https://deno.land/x/simplewebauthn@v9.0.3/packages/server/src/registration/verifications/tpm/constants.ts": "2fe2d47df17d6562fa40a192f69e54ae6603e0502972bdf33d17a66a0d8d7810",
    "https://deno.land/x/simplewebauthn@v9.0.3/packages/server/src/registration/verifications/tpm/parseCertInfo.ts": "4bb59004c0c5ac5a2b77634e5d05913cb8bbadb6085003cacb2ef0acf338324b",
    "https://deno.land/x/simplewebauthn@v9.0.3/packages/server/src/registration/verifications/tpm/parsePubArea.ts": "da01b78133df3336aa183948736a5acea0ac79405566160a01156986bb4f3470",
    "https://deno.land/x/simplewebauthn@v9.0.3/packages/server/src/registration/verifications/tpm/verifyAttestationTPM.ts": "8fb24a42e867803bb1513d4dd8e242f4c525f1a27fb1e6f90d1416ba8c6f4ec2",
    "https://deno.land/x/simplewebauthn@v9.0.3/packages/server/src/registration/verifications/verifyAttestationAndroidKey.ts": "fd7b4a8c543919c2731131a16ed04fe23906502d12e6c1c8dd3bfd270bf54bb7",
    "https://deno.land/x/simplewebauthn@v9.0.3/packages/server/src/registration/verifications/verifyAttestationAndroidSafetyNet.ts": "2a58ccee4d46d23ab2b4aa07715e9f717745492f0e81b38426d0a05353f1d0a6",
    "https://deno.land/x/simplewebauthn@v9.0.3/packages/server/src/registration/verifications/verifyAttestationApple.ts": "423b77664a95e55d2d84805049d2c941d36ad67f28392914b2d930914f3779bb",
    "https://deno.land/x/simplewebauthn@v9.0.3/packages/server/src/registration/verifications/verifyAttestationFIDOU2F.ts": "ae088ac53b781855702c51d97f6c8346e9e0b1252adeab7731fa502f48fb80eb",
    "https://deno.land/x/simplewebauthn@v9.0.3/packages/server/src/registration/verifications/verifyAttestationPacked.ts": "dbcdf4de0ba633db89d04a00070d2a230286e0fc2c6627010340a5d0f2c868ca",
    "https://deno.land/x/simplewebauthn@v9.0.3/packages/server/src/registration/verifyRegistrationResponse.ts": "94e1368fbfd70a1c13576075cd7da357979bd4adedd504a54d79127df0d82bc7",
    "https://deno.land/x/simplewebauthn@v9.0.3/packages/server/src/services/defaultRootCerts/android-key.ts": "3c3d0ef780cb6718178e25c77de5fb2cb6911eb1d91ff9648b7e470de8c0c3af",
    "https://deno.land/x/simplewebauthn@v9.0.3/packages/server/src/services/defaultRootCerts/android-safetynet.ts": "19979981d707f6b1507b87ffc0a5f37dfabcdd10cdb239f0a10c2afbf862099e",
    "https://deno.land/x/simplewebauthn@v9.0.3/packages/server/src/services/defaultRootCerts/apple.ts": "da104fff89ac80b264078ae2c669f28bf122ac68d2a108f731265e2767acabbe",
    "https://deno.land/x/simplewebauthn@v9.0.3/packages/server/src/services/defaultRootCerts/mds.ts": "b20054c27a1f98aff9f3eef6a3fb2e9bd2c3c4e5fab8814800e002bd96e771ff",
    "https://deno.land/x/simplewebauthn@v9.0.3/packages/server/src/services/metadataService.ts": "787e965a8dceb915194bbe9cc1c00b32fd4e0737eba37fc1071017b0c0ad452b",
    "https://deno.land/x/simplewebauthn@v9.0.3/packages/server/src/services/settingsService.ts": "0c26df6d75fb5cf0532027a9463ff25d2d4af4dcc153f9d02f0d5c4b8f9b45f6",
    "https://deno.land/x/simplewebauthn@v9.0.3/packages/types/src/dom.ts": "80e02fde62c48482337b9ccc5ea248b2ba425f0c572a5dfe3eddfce05acbbe2d",
    "https://deno.land/x/simplewebauthn@v9.0.3/packages/types/src/index.ts": "f5f7a6915c119a803213ee01b0ca0337a6885912cb1597757947e805b4eb8ca1",
    "https://deno.land/x/tiny_cbor@0.2.2/cbor/cbor.ts": "b10fc7cd694887111cbcb9da87f0235cc954ee377b7122af3bbaccd422460e72",
    "https://deno.land/x/tiny_cbor@0.2.2/cbor/cbor_internal.ts": "0cde2b1d2cb08503b6f44c1789736376eac2f5d0ed10db9f73b16caa356c8bd7",
    "https://deno.land/x/tiny_cbor@0.2.2/index.ts": "a45c8abd3874ab05dea33af17b2da88376364d6966fcbf2c5da5520a0a9b9d98",
    "https://deno.land/x/xhr@0.3.0/mod.ts": "094aacd627fd9635cd942053bf8032b5223b909858fa9dc8ffa583752ff63b20",
    "https://esm.sh/@peculiar/asn1-android@2.3.10": "5840990eabf2bb7b8caaa637dbcb2839c2f3c7eec035e4de15757f0905d356b7",
    "https://esm.sh/@peculiar/asn1-ecc@2.3.8": "eb524e991d210eae5d20171443cb3aceb08317e0a9f0ac845fc381d408d733c0",
    "https://esm.sh/@peculiar/asn1-rsa@2.3.8": "22dc64c7d9cf4e33e3c33c319e7185d0eacf2d22505174f3955a0bbc89e8b822",
    "https://esm.sh/@peculiar/asn1-schema@2.3.8": "f6523c00d07906aee44b7e49015161e194507a9d68cc0ae57c8bce08a7e1cb2e",
    "https://esm.sh/@peculiar/asn1-x509@2.3.8": "22e1e9aa9006b43cf627bd4ab7b3566140c907636e48cec7f234075d7358aa02",
    "https://esm.sh/cross-fetch@4.0.0": "83dff96b79263034a2ce78cb58d2b3fac47a6b683b950b2344f255fd7d426b1d",
    "https://esm.sh/iron-webcrypto@0.10.1": "d22f1754664367cacb10a3ec1dc65c24827015d50f52448ca53eae719fea994c",
    "https://esm.sh/nanoid@4.0.0/async": "6b3c0f3dbdb50973e1b4f1d5d1877e4a895283d6fb265a2cab54deb8e97a9893",
    "https://esm.sh/v135/@peculiar/asn1-android@2.3.10/denonext/asn1-android.mjs": "6eb3691895b655e7d19ebc696daada6b6d18d08286b383e2c8258ff59f124397",
    "https://esm.sh/v135/@peculiar/asn1-ecc@2.3.8/denonext/asn1-ecc.mjs": "badf4a8fd101357e263b00e46ef191eba2c129933d66f2136af484a2cefd2b32",
    "https://esm.sh/v135/@peculiar/asn1-rsa@2.3.8/denonext/asn1-rsa.mjs": "7464876430ea6c7f15dc191440cc963d4d900d75b2555457f97a27ae44d90284",
    "https://esm.sh/v135/@peculiar/asn1-schema@2.3.8/denonext/asn1-schema.mjs": "38e998eae72df5018b54a2e4bbd75adea986dc8c5655247cb03da861f314d50d",
    "https://esm.sh/v135/@peculiar/asn1-x509@2.3.8/denonext/asn1-x509.mjs": "7dcf12c3ae2f3bf63158d057b60a8a95b5a4041c69325da03c075e12ce9c0f21",
    "https://esm.sh/v135/asn1js@3.0.5/denonext/asn1js.mjs": "82d0da865ca1875486c26f86b51c80183e73fcedd32586eaeeb5980c16458c53",
    "https://esm.sh/v135/cross-fetch@4.0.0/denonext/cross-fetch.mjs": "238eae32034ab217cdbef10b812c7357f61ab2730c58207f4cf9135e9dec7a61",
    "https://esm.sh/v135/ipaddr.js@2.1.0/denonext/ipaddr.mjs": "214c1ee845e73e7c51ba673b36e7e6b9c5d8e8fb1fc19443444ad9cec44adf7e",
    "https://esm.sh/v135/iron-webcrypto@0.10.1/denonext/iron-webcrypto.mjs": "39fb4e5d337adcc364f399451bfbe851bfe50f2cd5ca3783a89e15b17b0c1bdd",
    "https://esm.sh/v135/nanoid@4.0.0/denonext/async.js": "6b0a5168af3e068b4b4e0b3790ee2d96b9b38a84e3741293bd5108d39c60cecd",
    "https://esm.sh/v135/pvtsutils@1.3.5/denonext/pvtsutils.mjs": "016782b990e2652a326cf1d8984c2adc4552171da902cc73dc8e12ffdbe3a100",
    "https://esm.sh/v135/pvutils@1.1.3/denonext/pvutils.mjs": "ad156a239ec0f1aa99f123fab44abc292c87d4fd6969d7af264436630457523c",
    "https://esm.sh/v135/tslib@2.6.2/denonext/tslib.mjs": "29782bcd3139f77ec063dc5a9385c0fff4a8d0a23b6765c73d9edeb169a04bf1"
  }
}
